
Microsoft Visual Studio Solution File, Format Version 12.00
# Visual Studio 14
VisualStudioVersion = 14.0.24720.0
MinimumVisualStudioVersion = 10.0.40219.1
Project("{FAE04EC0-301F-11D3-BF4B-00C04F79EFBC}") = "frank-wolfe-algoritm", "frank-wolfe-algoritm\frank-wolfe-algoritm.csproj", "{13A08811-4084-42EC-A51A-024384F50FDE}"
EndProject
Global
	GlobalSection(SolutionConfigurationPlatforms) = preSolution
		Debug|Any CPU = Debug|Any CPU
		Release|Any CPU = Release|Any CPU
	EndGlobalSection
	GlobalSection(ProjectConfigurationPlatforms) = postSolution
		{13A08811-4084-42EC-A51A-024384F50FDE}.Debug|Any CPU.ActiveCfg = Debug|Any CPU
		{13A08811-4084-42EC-A51A-024384F50FDE}.Debug|Any CPU.Build.0 = Debug|Any CPU
		{13A08811-4084-42EC-A51A-024384F50FDE}.Release|Any CPU.ActiveCfg = Release|Any CPU
		{13A08811-4084-42EC-A51A-024384F50FDE}.Release|Any CPU.Build.0 = Release|Any CPU
	EndGlobalSection
	GlobalSection(SolutionProperties) = preSolution
		HideSolutionNode = FALSE
	EndGlobalSection
EndGlobal
